[[package]]
name = "CoreFoundation-sys"
version = "0.1.4"
source = "registry+https://github.com/rust-lang/crates.io-index"
dependencies = [
 "libc 0.2.43 (registry+https://github.com/rust-lang/crates.io-index)",
 "mach 0.1.2 (registry+https://github.com/rust-lang/crates.io-index)",
]

[[package]]
name = "IOKit-sys"
version = "0.1.5"
source = "registry+https://github.com/rust-lang/crates.io-index"
dependencies = [
 "CoreFoundation-sys 0.1.4 (registry+https://github.com/rust-lang/crates.io-index)",
 "libc 0.2.43 (registry+https://github.com/rust-lang/crates.io-index)",
 "mach 0.1.2 (registry+https://github.com/rust-lang/crates.io-index)",
]

[[package]]
name = "bitflags"
version = "1.0.4"
source = "registry+https://github.com/rust-lang/crates.io-index"

[[package]]
name = "byteorder"
version = "1.2.7"
source = "registry+https://github.com/rust-lang/crates.io-index"

[[package]]
name = "cloudabi"
version = "0.0.3"
source = "registry+https://github.com/rust-lang/crates.io-index"
dependencies = [
 "bitflags 1.0.4 (registry+https://github.com/rust-lang/crates.io-index)",
]

[[package]]
name = "encoding"
version = "0.3.0-dev"
source = "git+https://github.com/lifthrasiir/rust-encoding#eb3d3c307df864f6a25e2ca16d49703e5d963ec5"
dependencies = [
 "encoding-index-japanese 1.20141219.6 (git+https://github.com/lifthrasiir/rust-encoding)",
 "encoding-index-korean 1.20141219.6 (git+https://github.com/lifthrasiir/rust-encoding)",
 "encoding-index-simpchinese 1.20160120.0 (git+https://github.com/lifthrasiir/rust-encoding)",
 "encoding-index-singlebyte 1.20160120.0 (git+https://github.com/lifthrasiir/rust-encoding)",
 "encoding-index-tradchinese 1.20141219.6 (git+https://github.com/lifthrasiir/rust-encoding)",
 "encoding-types 0.2.0 (git+https://github.com/lifthrasiir/rust-encoding)",
]

[[package]]
name = "encoding-index-japanese"
version = "1.20141219.6"
source = "git+https://github.com/lifthrasiir/rust-encoding#eb3d3c307df864f6a25e2ca16d49703e5d963ec5"
dependencies = [
 "encoding_index_tests 0.1.5 (git+https://github.com/lifthrasiir/rust-encoding)",
]

[[package]]
name = "encoding-index-korean"
version = "1.20141219.6"
source = "git+https://github.com/lifthrasiir/rust-encoding#eb3d3c307df864f6a25e2ca16d49703e5d963ec5"
dependencies = [
 "encoding_index_tests 0.1.5 (git+https://github.com/lifthrasiir/rust-encoding)",
]

[[package]]
name = "encoding-index-simpchinese"
version = "1.20160120.0"
source = "git+https://github.com/lifthrasiir/rust-encoding#eb3d3c307df864f6a25e2ca16d49703e5d963ec5"
dependencies = [
 "encoding_index_tests 0.1.5 (git+https://github.com/lifthrasiir/rust-encoding)",
]

[[package]]
name = "encoding-index-singlebyte"
version = "1.20160120.0"
source = "git+https://github.com/lifthrasiir/rust-encoding#eb3d3c307df864f6a25e2ca16d49703e5d963ec5"
dependencies = [
 "encoding_index_tests 0.1.5 (git+https://github.com/lifthrasiir/rust-encoding)",
]

[[package]]
name = "encoding-index-tradchinese"
version = "1.20141219.6"
source = "git+https://github.com/lifthrasiir/rust-encoding#eb3d3c307df864f6a25e2ca16d49703e5d963ec5"
dependencies = [
 "encoding_index_tests 0.1.5 (git+https://github.com/lifthrasiir/rust-encoding)",
]

[[package]]
name = "encoding-types"
version = "0.2.0"
source = "git+https://github.com/lifthrasiir/rust-encoding#eb3d3c307df864f6a25e2ca16d49703e5d963ec5"

[[package]]
name = "encoding_index_tests"
version = "0.1.5"
source = "git+https://github.com/lifthrasiir/rust-encoding#eb3d3c307df864f6a25e2ca16d49703e5d963ec5"

[[package]]
name = "fuchsia-zircon"
version = "0.3.3"
source = "registry+https://github.com/rust-lang/crates.io-index"
dependencies = [
 "bitflags 1.0.4 (registry+https://github.com/rust-lang/crates.io-index)",
 "fuchsia-zircon-sys 0.3.3 (registry+https://github.com/rust-lang/crates.io-index)",
]

[[package]]
name = "fuchsia-zircon-sys"
version = "0.3.3"
source = "registry+https://github.com/rust-lang/crates.io-index"

[[package]]
name = "heck"
version = "0.3.0"
source = "registry+https://github.com/rust-lang/crates.io-index"
dependencies = [
 "unicode-segmentation 1.2.1 (registry+https://github.com/rust-lang/crates.io-index)",
]

[[package]]
name = "libc"
version = "0.2.43"
source = "registry+https://github.com/rust-lang/crates.io-index"

[[package]]
name = "mach"
version = "0.1.2"
source = "registry+https://github.com/rust-lang/crates.io-index"
dependencies = [
 "libc 0.2.43 (registry+https://github.com/rust-lang/crates.io-index)",
]

[[package]]
name = "phf"
version = "0.7.23"
source = "registry+https://github.com/rust-lang/crates.io-index"
dependencies = [
 "phf_shared 0.7.23 (registry+https://github.com/rust-lang/crates.io-index)",
]

[[package]]
name = "phf_generator"
version = "0.7.23"
source = "registry+https://github.com/rust-lang/crates.io-index"
dependencies = [
 "phf_shared 0.7.23 (registry+https://github.com/rust-lang/crates.io-index)",
 "rand 0.5.5 (registry+https://github.com/rust-lang/crates.io-index)",
]

[[package]]
name = "phf_macros"
version = "0.7.23"
source = "registry+https://github.com/rust-lang/crates.io-index"
dependencies = [
 "phf_generator 0.7.23 (registry+https://github.com/rust-lang/crates.io-index)",
 "phf_shared 0.7.23 (registry+https://github.com/rust-lang/crates.io-index)",
]

[[package]]
name = "phf_shared"
version = "0.7.23"
source = "registry+https://github.com/rust-lang/crates.io-index"
dependencies = [
 "siphasher 0.2.3 (registry+https://github.com/rust-lang/crates.io-index)",
]

[[package]]
name = "proc-macro2"
version = "0.4.21"
source = "registry+https://github.com/rust-lang/crates.io-index"
dependencies = [
 "unicode-xid 0.1.0 (registry+https://github.com/rust-lang/crates.io-index)",
]

[[package]]
name = "quote"
version = "0.6.10"
source = "registry+https://github.com/rust-lang/crates.io-index"
dependencies = [
 "proc-macro2 0.4.21 (registry+https://github.com/rust-lang/crates.io-index)",
]

[[package]]
name = "rand"
version = "0.5.5"
source = "registry+https://github.com/rust-lang/crates.io-index"
dependencies = [
 "cloudabi 0.0.3 (registry+https://github.com/rust-lang/crates.io-index)",
 "fuchsia-zircon 0.3.3 (registry+https://github.com/rust-lang/crates.io-index)",
 "libc 0.2.43 (registry+https://github.com/rust-lang/crates.io-index)",
 "rand_core 0.2.2 (registry+https://github.com/rust-lang/crates.io-index)",
 "winapi 0.3.6 (registry+https://github.com/rust-lang/crates.io-index)",
]

[[package]]
name = "rand_core"
version = "0.2.2"
source = "registry+https://github.com/rust-lang/crates.io-index"
dependencies = [
 "rand_core 0.3.0 (registry+https://github.com/rust-lang/crates.io-index)",
]

[[package]]
name = "rand_core"
version = "0.3.0"
source = "registry+https://github.com/rust-lang/crates.io-index"

[[package]]
name = "siphasher"
version = "0.2.3"
source = "registry+https://github.com/rust-lang/crates.io-index"

[[package]]
name = "smc"
version = "0.1.0"
dependencies = [
 "IOKit-sys 0.1.5 (registry+https://github.com/rust-lang/crates.io-index)",
 "byteorder 1.2.7 (registry+https://github.com/rust-lang/crates.io-index)",
 "encoding 0.3.0-dev (git+https://github.com/lifthrasiir/rust-encoding)",
 "libc 0.2.43 (registry+https://github.com/rust-lang/crates.io-index)",
 "mach 0.1.2 (registry+https://github.com/rust-lang/crates.io-index)",
 "phf 0.7.23 (registry+https://github.com/rust-lang/crates.io-index)",
 "phf_macros 0.7.23 (registry+https://github.com/rust-lang/crates.io-index)",
 "strum 0.11.0 (registry+https://github.com/rust-lang/crates.io-index)",
 "strum_macros 0.11.0 (registry+https://github.com/rust-lang/crates.io-index)",
]

[[package]]
name = "strum"
version = "0.11.0"
source = "registry+https://github.com/rust-lang/crates.io-index"

[[package]]
name = "strum_macros"
version = "0.11.0"
source = "registry+https://github.com/rust-lang/crates.io-index"
dependencies = [
 "heck 0.3.0 (registry+https://github.com/rust-lang/crates.io-index)",
 "proc-macro2 0.4.21 (registry+https://github.com/rust-lang/crates.io-index)",
 "quote 0.6.10 (registry+https://github.com/rust-lang/crates.io-index)",
 "syn 0.15.18 (registry+https://github.com/rust-lang/crates.io-index)",
]

[[package]]
name = "syn"
version = "0.15.18"
source = "registry+https://github.com/rust-lang/crates.io-index"
dependencies = [
 "proc-macro2 0.4.21 (registry+https://github.com/rust-lang/crates.io-index)",
 "quote 0.6.10 (registry+https://github.com/rust-lang/crates.io-index)",
 "unicode-xid 0.1.0 (registry+https://github.com/rust-lang/crates.io-index)",
]

[[package]]
name = "unicode-segmentation"
version = "1.2.1"
source = "registry+https://github.com/rust-lang/crates.io-index"

[[package]]
name = "unicode-xid"
version = "0.1.0"
source = "registry+https://github.com/rust-lang/crates.io-index"

[[package]]
name = "winapi"
version = "0.3.6"
source = "registry+https://github.com/rust-lang/crates.io-index"
dependencies = [
 "winapi-i686-pc-windows-gnu 0.4.0 (registry+https://github.com/rust-lang/crates.io-index)",
 "winapi-x86_64-pc-windows-gnu 0.4.0 (registry+https://github.com/rust-lang/crates.io-index)",
]

[[package]]
name = "winapi-i686-pc-windows-gnu"
version = "0.4.0"
source = "registry+https://github.com/rust-lang/crates.io-index"

[[package]]
name = "winapi-x86_64-pc-windows-gnu"
version = "0.4.0"
source = "registry+https://github.com/rust-lang/crates.io-index"

[metadata]
"checksum CoreFoundation-sys 0.1.4 (registry+https://github.com/rust-lang/crates.io-index)" = "d0e9889e6db118d49d88d84728d0e964d973a5680befb5f85f55141beea5c20b"
"checksum IOKit-sys 0.1.5 (registry+https://github.com/rust-lang/crates.io-index)" = "99696c398cbaf669d2368076bdb3d627fb0ce51a26899d7c61228c5c0af3bf4a"
"checksum bitflags 1.0.4 (registry+https://github.com/rust-lang/crates.io-index)" = "228047a76f468627ca71776ecdebd732a3423081fcf5125585bcd7c49886ce12"
"checksum byteorder 1.2.7 (registry+https://github.com/rust-lang/crates.io-index)" = "94f88df23a25417badc922ab0f5716cc1330e87f71ddd9203b3a3ccd9cedf75d"
"checksum cloudabi 0.0.3 (registry+https://github.com/rust-lang/crates.io-index)" = "ddfc5b9aa5d4507acaf872de71051dfd0e309860e88966e1051e462a077aac4f"
"checksum encoding 0.3.0-dev (git+https://github.com/lifthrasiir/rust-encoding)" = "<none>"
"checksum encoding-index-japanese 1.20141219.6 (git+https://github.com/lifthrasiir/rust-encoding)" = "<none>"
"checksum encoding-index-korean 1.20141219.6 (git+https://github.com/lifthrasiir/rust-encoding)" = "<none>"
"checksum encoding-index-simpchinese 1.20160120.0 (git+https://github.com/lifthrasiir/rust-encoding)" = "<none>"
"checksum encoding-index-singlebyte 1.20160120.0 (git+https://github.com/lifthrasiir/rust-encoding)" = "<none>"
"checksum encoding-index-tradchinese 1.20141219.6 (git+https://github.com/lifthrasiir/rust-encoding)" = "<none>"
"checksum encoding-types 0.2.0 (git+https://github.com/lifthrasiir/rust-encoding)" = "<none>"
"checksum encoding_index_tests 0.1.5 (git+https://github.com/lifthrasiir/rust-encoding)" = "<none>"
"checksum fuchsia-zircon 0.3.3 (registry+https://github.com/rust-lang/crates.io-index)" = "2e9763c69ebaae630ba35f74888db465e49e259ba1bc0eda7d06f4a067615d82"
"checksum fuchsia-zircon-sys 0.3.3 (registry+https://github.com/rust-lang/crates.io-index)" = "3dcaa9ae7725d12cdb85b3ad99a434db70b468c09ded17e012d86b5c1010f7a7"
"checksum heck 0.3.0 (registry+https://github.com/rust-lang/crates.io-index)" = "ea04fa3ead4e05e51a7c806fc07271fdbde4e246a6c6d1efd52e72230b771b82"
"checksum libc 0.2.43 (registry+https://github.com/rust-lang/crates.io-index)" = "76e3a3ef172f1a0b9a9ff0dd1491ae5e6c948b94479a3021819ba7d860c8645d"
"checksum mach 0.1.2 (registry+https://github.com/rust-lang/crates.io-index)" = "2fd13ee2dd61cc82833ba05ade5a30bb3d63f7ced605ef827063c63078302de9"
"checksum phf 0.7.23 (registry+https://github.com/rust-lang/crates.io-index)" = "cec29da322b242f4c3098852c77a0ca261c9c01b806cae85a5572a1eb94db9a6"
"checksum phf_generator 0.7.23 (registry+https://github.com/rust-lang/crates.io-index)" = "03dc191feb9b08b0dc1330d6549b795b9d81aec19efe6b4a45aec8d4caee0c4b"
"checksum phf_macros 0.7.23 (registry+https://github.com/rust-lang/crates.io-index)" = "1129f92d6950f679d850b9e16cc7ad5bb3fe6200f2b8130ca8a37aab327da6d6"
"checksum phf_shared 0.7.23 (registry+https://github.com/rust-lang/crates.io-index)" = "b539898d22d4273ded07f64a05737649dc69095d92cb87c7097ec68e3f150b93"
"checksum proc-macro2 0.4.21 (registry+https://github.com/rust-lang/crates.io-index)" = "ab2fc21ba78ac73e4ff6b3818ece00be4e175ffbef4d0a717d978b48b24150c4"
"checksum quote 0.6.10 (registry+https://github.com/rust-lang/crates.io-index)" = "53fa22a1994bd0f9372d7a816207d8a2677ad0325b073f5c5332760f0fb62b5c"
"checksum rand 0.5.5 (registry+https://github.com/rust-lang/crates.io-index)" = "e464cd887e869cddcae8792a4ee31d23c7edd516700695608f5b98c67ee0131c"
"checksum rand_core 0.2.2 (registry+https://github.com/rust-lang/crates.io-index)" = "1961a422c4d189dfb50ffa9320bf1f2a9bd54ecb92792fb9477f99a1045f3372"
"checksum rand_core 0.3.0 (registry+https://github.com/rust-lang/crates.io-index)" = "0905b6b7079ec73b314d4c748701f6931eb79fd97c668caa3f1899b22b32c6db"
"checksum siphasher 0.2.3 (registry+https://github.com/rust-lang/crates.io-index)" = "0b8de496cf83d4ed58b6be86c3a275b8602f6ffe98d3024a869e124147a9a3ac"
"checksum strum 0.11.0 (registry+https://github.com/rust-lang/crates.io-index)" = "f6c3a2071519ab6a48f465808c4c1ffdd00dfc8e93111d02b4fc5abab177676e"
"checksum strum_macros 0.11.0 (registry+https://github.com/rust-lang/crates.io-index)" = "8baacebd7b7c9b864d83a6ba7a246232983e277b86fa5cdec77f565715a4b136"
"checksum syn 0.15.18 (registry+https://github.com/rust-lang/crates.io-index)" = "90c39a061e2f412a9f869540471ab679e85e50c6b05604daf28bc3060f75c430"
"checksum unicode-segmentation 1.2.1 (registry+https://github.com/rust-lang/crates.io-index)" = "aa6024fc12ddfd1c6dbc14a80fa2324d4568849869b779f6bd37e5e4c03344d1"
"checksum unicode-xid 0.1.0 (registry+https://github.com/rust-lang/crates.io-index)" = "fc72304796d0818e357ead4e000d19c9c174ab23dc11093ac919054d20a6a7fc"
"checksum winapi 0.3.6 (registry+https://github.com/rust-lang/crates.io-index)" = "92c1eb33641e276cfa214a0522acad57be5c56b10cb348b3c5117db75f3ac4b0"
"checksum winapi-i686-pc-windows-gnu 0.4.0 (registry+https://github.com/rust-lang/crates.io-index)" = "ac3b87c63620426dd9b991e5ce0329eff545bccbbb34f3be09ff6fb6ab51b7b6"
"checksum winapi-x86_64-pc-windows-gnu 0.4.0 (registry+https://github.com/rust-lang/crates.io-index)" = "712e227841d057c1ee1cd2fb22fa7e5a5461ae8e48fa2ca79ec42cfc1931183f"
