[[package]]
name = "CoreFoundation-sys"
version = "0.1.4"
source = "registry+https://github.com/rust-lang/crates.io-index"
dependencies = [
 "libc 0.2.43 (registry+https://github.com/rust-lang/crates.io-index)",
 "mach 0.1.2 (registry+https://github.com/rust-lang/crates.io-index)",
]

[[package]]
name = "IOKit-sys"
version = "0.1.5"
source = "registry+https://github.com/rust-lang/crates.io-index"
dependencies = [
 "CoreFoundation-sys 0.1.4 (registry+https://github.com/rust-lang/crates.io-index)",
 "libc 0.2.43 (registry+https://github.com/rust-lang/crates.io-index)",
 "mach 0.1.2 (registry+https://github.com/rust-lang/crates.io-index)",
]

[[package]]
name = "libc"
version = "0.2.43"
source = "registry+https://github.com/rust-lang/crates.io-index"

[[package]]
name = "mach"
version = "0.1.2"
source = "registry+https://github.com/rust-lang/crates.io-index"
dependencies = [
 "libc 0.2.43 (registry+https://github.com/rust-lang/crates.io-index)",
]

[[package]]
name = "rust_smc"
version = "0.1.0"
dependencies = [
 "IOKit-sys 0.1.5 (registry+https://github.com/rust-lang/crates.io-index)",
 "libc 0.2.43 (registry+https://github.com/rust-lang/crates.io-index)",
 "mach 0.1.2 (registry+https://github.com/rust-lang/crates.io-index)",
]

[[package]]
name = "smc-examples"
version = "0.1.0"
dependencies = [
 "rust_smc 0.1.0",
]

[metadata]
"checksum CoreFoundation-sys 0.1.4 (registry+https://github.com/rust-lang/crates.io-index)" = "d0e9889e6db118d49d88d84728d0e964d973a5680befb5f85f55141beea5c20b"
"checksum IOKit-sys 0.1.5 (registry+https://github.com/rust-lang/crates.io-index)" = "99696c398cbaf669d2368076bdb3d627fb0ce51a26899d7c61228c5c0af3bf4a"
"checksum libc 0.2.43 (registry+https://github.com/rust-lang/crates.io-index)" = "76e3a3ef172f1a0b9a9ff0dd1491ae5e6c948b94479a3021819ba7d860c8645d"
"checksum mach 0.1.2 (registry+https://github.com/rust-lang/crates.io-index)" = "2fd13ee2dd61cc82833ba05ade5a30bb3d63f7ced605ef827063c63078302de9"
